// !$*UTF8*$!
{
	archiveVersion = 1;
	classes = {
	};
	objectVersion = 50;
	objects = {

/* Begin PBXBuildFile section */
		3D353F7BC97C38D4C340C9AF /* SceneDelegate.swift in Sources */ = {isa = PBXBuildFile; fileRef = A448EBB93F78A68E678BA3DA /* SceneDelegate.swift */; };
		8799579A09BD3367FA709883 /* TuistBundle+MdEditor.swift in Sources */ = {isa = PBXBuildFile; fileRef = B64FAFD73B05D174B4BB4FE9 /* TuistBundle+MdEditor.swift */; };
		9C60237F16783D24C50DD4BB /* ViewController.swift in Sources */ = {isa = PBXBuildFile; fileRef = A3E72E58619AFEEB13CFDAAB /* ViewController.swift */; };
		9DD44DF211919B0124FC0176 /* TuistPlists+MdEditor.swift in Sources */ = {isa = PBXBuildFile; fileRef = 6DD40218B96573354BE04D4D /* TuistPlists+MdEditor.swift */; };
		A0A4FF10DEE4BA62A322A84F /* LaunchScreen.storyboard in Resources */ = {isa = PBXBuildFile; fileRef = 7133171AFAFCF7E1694FE6D8 /* LaunchScreen.storyboard */; };
		A604951E870E9878A41BF283 /* AppDelegate.swift in Sources */ = {isa = PBXBuildFile; fileRef = 2B53B4AC78FC9BF7B5367F58 /* AppDelegate.swift */; };
		CF62D202DDC233AACEAA0B5A /* Assets.xcassets in Resources */ = {isa = PBXBuildFile; fileRef = 1DC87D3105CCD3104D68C8AB /* Assets.xcassets */; };
		E1D8B2DB6307549B73243E0A /* Info.plist in Resources */ = {isa = PBXBuildFile; fileRef = 45A4AB3BCD8B9BDF7B4C22ED /* Info.plist */; };
		E4D2D583493B6DE6D23B8C05 /* TuistAssets+MdEditor.swift in Sources */ = {isa = PBXBuildFile; fileRef = E309FE4100B60251AA15E612 /* TuistAssets+MdEditor.swift */; };
/* End PBXBuildFile section */

/* Begin PBXCopyFilesBuildPhase section */
		EFD6D557A83A5C4FBBA31CD2 /* Embed Frameworks */ = {
			isa = PBXCopyFilesBuildPhase;
			buildActionMask = 2147483647;
			dstPath = "";
			dstSubfolderSpec = 10;
			files = (
			);
			name = "Embed Frameworks";
			runOnlyForDeploymentPostprocessing = 0;
		};
/* End PBXCopyFilesBuildPhase section */

/* Begin PBXFileReference section */
		1DC87D3105CCD3104D68C8AB /* Assets.xcassets */ = {isa = PBXFileReference; lastKnownFileType = folder.assetcatalog; path = Assets.xcassets; sourceTree = "<group>"; };
		1F45E19A9AA3ADCCC7E0ECB2 /* MdEditor.app */ = {isa = PBXFileReference; explicitFileType = wrapper.application; includeInIndex = 0; path = MdEditor.app; sourceTree = BUILT_PRODUCTS_DIR; };
		2B53B4AC78FC9BF7B5367F58 /* AppDelegate.swift */ = {isa = PBXFileReference; lastKnownFileType = sourcecode.swift; path = AppDelegate.swift; sourceTree = "<group>"; };
		45A4AB3BCD8B9BDF7B4C22ED /* Info.plist */ = {isa = PBXFileReference; lastKnownFileType = text.plist; path = Info.plist; sourceTree = "<group>"; };
		691F799295296CE1CFA01AA6 /* Base */ = {isa = PBXFileReference; lastKnownFileType = file.storyboard; name = Base; path = Base.lproj/LaunchScreen.storyboard; sourceTree = "<group>"; };
		6DD40218B96573354BE04D4D /* TuistPlists+MdEditor.swift */ = {isa = PBXFileReference; lastKnownFileType = sourcecode.swift; path = "TuistPlists+MdEditor.swift"; sourceTree = "<group>"; };
		A3E72E58619AFEEB13CFDAAB /* ViewController.swift */ = {isa = PBXFileReference; lastKnownFileType = sourcecode.swift; path = ViewController.swift; sourceTree = "<group>"; };
		A448EBB93F78A68E678BA3DA /* SceneDelegate.swift */ = {isa = PBXFileReference; lastKnownFileType = sourcecode.swift; path = SceneDelegate.swift; sourceTree = "<group>"; };
		B64FAFD73B05D174B4BB4FE9 /* TuistBundle+MdEditor.swift */ = {isa = PBXFileReference; lastKnownFileType = sourcecode.swift; path = "TuistBundle+MdEditor.swift"; sourceTree = "<group>"; };
		E309FE4100B60251AA15E612 /* TuistAssets+MdEditor.swift */ = {isa = PBXFileReference; lastKnownFileType = sourcecode.swift; path = "TuistAssets+MdEditor.swift"; sourceTree = "<group>"; };
/* End PBXFileReference section */

/* Begin PBXFrameworksBuildPhase section */
		20E853C9F83204F23E6AA71B /* Frameworks */ = {
			isa = PBXFrameworksBuildPhase;
			buildActionMask = 2147483647;
			files = (
			);
			runOnlyForDeploymentPostprocessing = 0;
		};
/* End PBXFrameworksBuildPhase section */

/* Begin PBXGroup section */
		09433757354D2414908D4E3B /* Products */ = {
			isa = PBXGroup;
			children = (
				1F45E19A9AA3ADCCC7E0ECB2 /* MdEditor.app */,
			);
			name = Products;
			sourceTree = "<group>";
		};
		6A7BD2D9987E86DC8DF0EEAD /* Frameworks */ = {
			isa = PBXGroup;
			children = (
			);
			name = Frameworks;
			sourceTree = "<group>";
		};
		6B7ACD0936F6B1A783DFAA28 /* Sources */ = {
			isa = PBXGroup;
			children = (
				E309FE4100B60251AA15E612 /* TuistAssets+MdEditor.swift */,
				B64FAFD73B05D174B4BB4FE9 /* TuistBundle+MdEditor.swift */,
				6DD40218B96573354BE04D4D /* TuistPlists+MdEditor.swift */,
			);
			path = Sources;
			sourceTree = "<group>";
		};
		99F09D746B14A5619E9D06ED /* Scenes */ = {
			isa = PBXGroup;
			children = (
				A3E72E58619AFEEB13CFDAAB /* ViewController.swift */,
			);
			path = Scenes;
			sourceTree = "<group>";
		};
		AF6501DB0322CD156914F714 /* Project */ = {
			isa = PBXGroup;
			children = (
				CA4BA34CD9FC694EB1784B9F /* Derived */,
				F5D39AECB5C649C340C71EED /* Resources */,
				F7240212FA4694999CAE5A2B /* Sources */,
			);
			name = Project;
			sourceTree = "<group>";
		};
		CA4BA34CD9FC694EB1784B9F /* Derived */ = {
			isa = PBXGroup;
			children = (
				6B7ACD0936F6B1A783DFAA28 /* Sources */,
			);
			path = Derived;
			sourceTree = "<group>";
		};
		CE42BE24DBE28F652C9D2B8C = {
			isa = PBXGroup;
			children = (
				AF6501DB0322CD156914F714 /* Project */,
				6A7BD2D9987E86DC8DF0EEAD /* Frameworks */,
				09433757354D2414908D4E3B /* Products */,
			);
			sourceTree = "<group>";
		};
		F5D39AECB5C649C340C71EED /* Resources */ = {
			isa = PBXGroup;
			children = (
				7133171AFAFCF7E1694FE6D8 /* LaunchScreen.storyboard */,
				1DC87D3105CCD3104D68C8AB /* Assets.xcassets */,
				45A4AB3BCD8B9BDF7B4C22ED /* Info.plist */,
			);
			path = Resources;
			sourceTree = "<group>";
		};
		F7240212FA4694999CAE5A2B /* Sources */ = {
			isa = PBXGroup;
			children = (
				99F09D746B14A5619E9D06ED /* Scenes */,
				2B53B4AC78FC9BF7B5367F58 /* AppDelegate.swift */,
				A448EBB93F78A68E678BA3DA /* SceneDelegate.swift */,
			);
			path = Sources;
			sourceTree = "<group>";
		};
/* End PBXGroup section */

/* Begin PBXNativeTarget section */
		182EAD9731EF0C0CEDFA91FA /* MdEditor */ = {
			isa = PBXNativeTarget;
			buildConfigurationList = D391253F17C33BA9160225FC /* Build configuration list for PBXNativeTarget "MdEditor" */;
			buildPhases = (
				4DB3A8BD2CC1ECA66F13BF9A /* Sources */,
				2ED88EC158EFB2BDBC373244 /* Resources */,
				EFD6D557A83A5C4FBBA31CD2 /* Embed Frameworks */,
				20E853C9F83204F23E6AA71B /* Frameworks */,
			);
			buildRules = (
			);
			dependencies = (
			);
			name = MdEditor;
			productName = MdEditor;
			productReference = 1F45E19A9AA3ADCCC7E0ECB2 /* MdEditor.app */;
			productType = "com.apple.product-type.application";
		};
/* End PBXNativeTarget section */

/* Begin PBXProject section */
		4B0050D6E96ECDC31F3596D8 /* Project object */ = {
			isa = PBXProject;
			attributes = {
				ORGANIZATIONNAME = SwiftbookTeam5;
				TargetAttributes = {
				};
			};
			buildConfigurationList = 395B29EAB07768BD4B943111 /* Build configuration list for PBXProject "MdEditor" */;
			compatibilityVersion = "Xcode 13.0";
			developmentRegion = en;
			hasScannedForEncodings = 0;
			knownRegions = (
				Base,
				en,
			);
			mainGroup = CE42BE24DBE28F652C9D2B8C;
			productRefGroup = 09433757354D2414908D4E3B /* Products */;
			projectDirPath = "";
			projectRoot = "";
			targets = (
				182EAD9731EF0C0CEDFA91FA /* MdEditor */,
			);
		};
/* End PBXProject section */

/* Begin PBXResourcesBuildPhase section */
		2ED88EC158EFB2BDBC373244 /* Resources */ = {
			isa = PBXResourcesBuildPhase;
			buildActionMask = 2147483647;
			files = (
				CF62D202DDC233AACEAA0B5A /* Assets.xcassets in Resources */,
				A0A4FF10DEE4BA62A322A84F /* LaunchScreen.storyboard in Resources */,
				E1D8B2DB6307549B73243E0A /* Info.plist in Resources */,
			);
			runOnlyForDeploymentPostprocessing = 0;
		};
/* End PBXResourcesBuildPhase section */

/* Begin PBXSourcesBuildPhase section */
		4DB3A8BD2CC1ECA66F13BF9A /* Sources */ = {
			isa = PBXSourcesBuildPhase;
			buildActionMask = 2147483647;
			files = (
				E4D2D583493B6DE6D23B8C05 /* TuistAssets+MdEditor.swift in Sources */,
				8799579A09BD3367FA709883 /* TuistBundle+MdEditor.swift in Sources */,
				9DD44DF211919B0124FC0176 /* TuistPlists+MdEditor.swift in Sources */,
				A604951E870E9878A41BF283 /* AppDelegate.swift in Sources */,
				3D353F7BC97C38D4C340C9AF /* SceneDelegate.swift in Sources */,
				9C60237F16783D24C50DD4BB /* ViewController.swift in Sources */,
			);
			runOnlyForDeploymentPostprocessing = 0;
		};
/* End PBXSourcesBuildPhase section */

/* Begin PBXVariantGroup section */
		7133171AFAFCF7E1694FE6D8 /* LaunchScreen.storyboard */ = {
			isa = PBXVariantGroup;
			children = (
				691F799295296CE1CFA01AA6 /* Base */,
			);
			name = LaunchScreen.storyboard;
			sourceTree = "<group>";
		};
/* End PBXVariantGroup section */

/* Begin XCBuildConfiguration section */
		305005EDD633A636E83CAB7A /* Debug */ = {
			isa = XCBuildConfiguration;
			buildSettings = {
				ALWAYS_SEARCH_USER_PATHS = NO;
				CLANG_ANALYZER_LOCALIZABILITY_NONLOCALIZED = YES;
				CLANG_ANALYZER_NONNULL = YES;
				CLANG_ANALYZER_NUMBER_OBJECT_CONVERSION = YES_AGGRESSIVE;
				CLANG_CXX_LANGUAGE_STANDARD = "gnu++14";
				CLANG_CXX_LIBRARY = "libc++";
				CLANG_ENABLE_MODULES = YES;
				CLANG_ENABLE_OBJC_ARC = YES;
				CLANG_ENABLE_OBJC_WEAK = YES;
				CLANG_WARN_BLOCK_CAPTURE_AUTORELEASING = YES;
				CLANG_WARN_BOOL_CONVERSION = YES;
				CLANG_WARN_COMMA = YES;
				CLANG_WARN_CONSTANT_CONVERSION = YES;
				CLANG_WARN_DEPRECATED_OBJC_IMPLEMENTATIONS = YES;
				CLANG_WARN_DIRECT_OBJC_ISA_USAGE = YES_ERROR;
				CLANG_WARN_DOCUMENTATION_COMMENTS = YES;
				CLANG_WARN_EMPTY_BODY = YES;
				CLANG_WARN_ENUM_CONVERSION = YES;
				CLANG_WARN_INFINITE_RECURSION = YES;
				CLANG_WARN_INT_CONVERSION = YES;
				CLANG_WARN_NON_LITERAL_NULL_CONVERSION = YES;
				CLANG_WARN_OBJC_IMPLICIT_RETAIN_SELF = YES;
				CLANG_WARN_OBJC_LITERAL_CONVERSION = YES;
				CLANG_WARN_OBJC_ROOT_CLASS = YES_ERROR;
				CLANG_WARN_QUOTED_INCLUDE_IN_FRAMEWORK_HEADER = YES;
				CLANG_WARN_RANGE_LOOP_ANALYSIS = YES;
				CLANG_WARN_STRICT_PROTOTYPES = YES;
				CLANG_WARN_SUSPICIOUS_MOVE = YES;
				CLANG_WARN_UNGUARDED_AVAILABILITY = YES_AGGRESSIVE;
				CLANG_WARN_UNREACHABLE_CODE = YES;
				CLANG_WARN__DUPLICATE_METHOD_MATCH = YES;
				COPY_PHASE_STRIP = NO;
				DEAD_CODE_STRIPPING = YES;
				DEBUG_INFORMATION_FORMAT = dwarf;
				ENABLE_STRICT_OBJC_MSGSEND = YES;
				ENABLE_TESTABILITY = YES;
				GCC_C_LANGUAGE_STANDARD = gnu11;
				GCC_DYNAMIC_NO_PIC = NO;
				GCC_NO_COMMON_BLOCKS = YES;
				GCC_OPTIMIZATION_LEVEL = 0;
				GCC_PREPROCESSOR_DEFINITIONS = (
					"DEBUG=1",
					"$(inherited)",
				);
				GCC_WARN_64_TO_32_BIT_CONVERSION = YES;
				GCC_WARN_ABOUT_RETURN_TYPE = YES_ERROR;
				GCC_WARN_UNDECLARED_SELECTOR = YES;
				GCC_WARN_UNINITIALIZED_AUTOS = YES_AGGRESSIVE;
				GCC_WARN_UNUSED_FUNCTION = YES;
				GCC_WARN_UNUSED_VARIABLE = YES;
				MTL_ENABLE_DEBUG_INFO = YES;
				ONLY_ACTIVE_ARCH = YES;
				PRODUCT_NAME = "$(TARGET_NAME)";
			};
			name = Debug;
		};
		40D9CBF6E0A5ADDBD3608CE4 /* Release */ = {
			isa = XCBuildConfiguration;
			buildSettings = {
				ASSETCATALOG_COMPILER_APPICON_NAME = AppIcon;
				CODE_SIGN_IDENTITY = "iPhone Developer";
				ENABLE_PREVIEWS = YES;
				INFOPLIST_FILE = Resources/Info.plist;
				LD_RUNPATH_SEARCH_PATHS = (
					"$(inherited)",
					"@executable_path/Frameworks",
				);
				PRODUCT_BUNDLE_IDENTIFIER = SwiftbookTeam5.MdEditor;
				PRODUCT_NAME = MdEditor;
				SDKROOT = iphoneos;
				SWIFT_COMPILATION_MODE = wholemodule;
				SWIFT_OPTIMIZATION_LEVEL = "-Owholemodule";
				SWIFT_VERSION = 5.0;
				TARGETED_DEVICE_FAMILY = "1,2";
			};
			name = Release;
		};
		6F9D066B3D33AAC435DDE75C /* Release */ = {
			isa = XCBuildConfiguration;
			buildSettings = {
				ALWAYS_SEARCH_USER_PATHS = NO;
				CLANG_ANALYZER_LOCALIZABILITY_NONLOCALIZED = YES;
				CLANG_ANALYZER_NONNULL = YES;
				CLANG_ANALYZER_NUMBER_OBJECT_CONVERSION = YES_AGGRESSIVE;
				CLANG_CXX_LANGUAGE_STANDARD = "gnu++14";
				CLANG_CXX_LIBRARY = "libc++";
				CLANG_ENABLE_MODULES = YES;
				CLANG_ENABLE_OBJC_ARC = YES;
				CLANG_ENABLE_OBJC_WEAK = YES;
				CLANG_WARN_BLOCK_CAPTURE_AUTORELEASING = YES;
				CLANG_WARN_BOOL_CONVERSION = YES;
				CLANG_WARN_COMMA = YES;
				CLANG_WARN_CONSTANT_CONVERSION = YES;
				CLANG_WARN_DEPRECATED_OBJC_IMPLEMENTATIONS = YES;
				CLANG_WARN_DIRECT_OBJC_ISA_USAGE = YES_ERROR;
				CLANG_WARN_DOCUMENTATION_COMMENTS = YES;
				CLANG_WARN_EMPTY_BODY = YES;
				CLANG_WARN_ENUM_CONVERSION = YES;
				CLANG_WARN_INFINITE_RECURSION = YES;
				CLANG_WARN_INT_CONVERSION = YES;
				CLANG_WARN_NON_LITERAL_NULL_CONVERSION = YES;
				CLANG_WARN_OBJC_IMPLICIT_RETAIN_SELF = YES;
				CLANG_WARN_OBJC_LITERAL_CONVERSION = YES;
				CLANG_WARN_OBJC_ROOT_CLASS = YES_ERROR;
				CLANG_WARN_QUOTED_INCLUDE_IN_FRAMEWORK_HEADER = YES;
				CLANG_WARN_RANGE_LOOP_ANALYSIS = YES;
				CLANG_WARN_STRICT_PROTOTYPES = YES;
				CLANG_WARN_SUSPICIOUS_MOVE = YES;
				CLANG_WARN_UNGUARDED_AVAILABILITY = YES_AGGRESSIVE;
				CLANG_WARN_UNREACHABLE_CODE = YES;
				CLANG_WARN__DUPLICATE_METHOD_MATCH = YES;
				COPY_PHASE_STRIP = NO;
				DEAD_CODE_STRIPPING = YES;
				DEBUG_INFORMATION_FORMAT = "dwarf-with-dsym";
				ENABLE_NS_ASSERTIONS = NO;
				ENABLE_STRICT_OBJC_MSGSEND = YES;
				GCC_C_LANGUAGE_STANDARD = gnu11;
				GCC_NO_COMMON_BLOCKS = YES;
				GCC_WARN_64_TO_32_BIT_CONVERSION = YES;
				GCC_WARN_ABOUT_RETURN_TYPE = YES_ERROR;
				GCC_WARN_UNDECLARED_SELECTOR = YES;
				GCC_WARN_UNINITIALIZED_AUTOS = YES_AGGRESSIVE;
				GCC_WARN_UNUSED_FUNCTION = YES;
				GCC_WARN_UNUSED_VARIABLE = YES;
				MTL_ENABLE_DEBUG_INFO = NO;
				PRODUCT_NAME = "$(TARGET_NAME)";
				VALIDATE_PRODUCT = YES;
			};
			name = Release;
		};
		E0FCDC41CF4C721818AD29D3 /* Debug */ = {
			isa = XCBuildConfiguration;
			buildSettings = {
				ASSETCATALOG_COMPILER_APPICON_NAME = AppIcon;
				CODE_SIGN_IDENTITY = "iPhone Developer";
				ENABLE_PREVIEWS = YES;
				INFOPLIST_FILE = Resources/Info.plist;
				LD_RUNPATH_SEARCH_PATHS = (
					"$(inherited)",
					"@executable_path/Frameworks",
				);
				PRODUCT_BUNDLE_IDENTIFIER = SwiftbookTeam5.MdEditor;
				PRODUCT_NAME = MdEditor;
				SDKROOT = iphoneos;
				SWIFT_ACTIVE_COMPILATION_CONDITIONS = DEBUG;
				SWIFT_COMPILATION_MODE = singlefile;
				SWIFT_OPTIMIZATION_LEVEL = "-Onone";
				SWIFT_VERSION = 5.0;
				TARGETED_DEVICE_FAMILY = "1,2";
			};
			name = Debug;
		};
/* End XCBuildConfiguration section */

/* Begin XCConfigurationList section */
		395B29EAB07768BD4B943111 /* Build configuration list for PBXProject "MdEditor" */ = {
			isa = XCConfigurationList;
			buildConfigurations = (
				305005EDD633A636E83CAB7A /* Debug */,
				6F9D066B3D33AAC435DDE75C /* Release */,
			);
			defaultConfigurationIsVisible = 0;
			defaultConfigurationName = Release;
		};
		D391253F17C33BA9160225FC /* Build configuration list for PBXNativeTarget "MdEditor" */ = {
			isa = XCConfigurationList;
			buildConfigurations = (
				E0FCDC41CF4C721818AD29D3 /* Debug */,
				40D9CBF6E0A5ADDBD3608CE4 /* Release */,
			);
			defaultConfigurationIsVisible = 0;
			defaultConfigurationName = Release;
		};
/* End XCConfigurationList section */
	};
	rootObject = 4B0050D6E96ECDC31F3596D8 /* Project object */;
}
